
Microsoft Visual Studio Solution File, Format Version 12.00
# Visual Studio 14
VisualStudioVersion = 14.0.25123.0
MinimumVisualStudioVersion = 10.0.40219.1
Project("{FAE04EC0-301F-11D3-BF4B-00C04F79EFBC}") = "Exercise1", "Exercise1\Exercise1.csproj", "{612C44CA-0700-40E8-8551-6003EC0BA7DA}"
EndProject
Project("{FAE04EC0-301F-11D3-BF4B-00C04F79EFBC}") = "Exercise2", "Exercise2\Exercise2.csproj", "{831979C8-8AC3-4833-B633-D9D96D183569}"
EndProject
Global
	GlobalSection(SolutionConfigurationPlatforms) = preSolution
		Debug|Any CPU = Debug|Any CPU
		Release|Any CPU = Release|Any CPU
	EndGlobalSection
	GlobalSection(ProjectConfigurationPlatforms) = postSolution
		{612C44CA-0700-40E8-8551-6003EC0BA7DA}.Debug|Any CPU.ActiveCfg = Debug|Any CPU
		{612C44CA-0700-40E8-8551-6003EC0BA7DA}.Debug|Any CPU.Build.0 = Debug|Any CPU
		{612C44CA-0700-40E8-8551-6003EC0BA7DA}.Release|Any CPU.ActiveCfg = Release|Any CPU
		{612C44CA-0700-40E8-8551-6003EC0BA7DA}.Release|Any CPU.Build.0 = Release|Any CPU
		{831979C8-8AC3-4833-B633-D9D96D183569}.Debug|Any CPU.ActiveCfg = Debug|Any CPU
		{831979C8-8AC3-4833-B633-D9D96D183569}.Debug|Any CPU.Build.0 = Debug|Any CPU
		{831979C8-8AC3-4833-B633-D9D96D183569}.Release|Any CPU.ActiveCfg = Release|Any CPU
		{831979C8-8AC3-4833-B633-D9D96D183569}.Release|Any CPU.Build.0 = Release|Any CPU
	EndGlobalSection
	GlobalSection(SolutionProperties) = preSolution
		HideSolutionNode = FALSE
	EndGlobalSection
EndGlobal
